// !$*UTF8*$!
{
	archiveVersion = 1;
	classes = {
	};
	objectVersion = 56;
	objects = {

/* Begin PBXBuildFile section */
		A8259FA92AD0C2DD001FA64D /* Character.swift in Sources */ = {isa = PBXBuildFile; fileRef = A8259FA82AD0C2DD001FA64D /* Character.swift */; };
		A8259FAB2AD0C487001FA64D /* Image.swift in Sources */ = {isa = PBXBuildFile; fileRef = A8259FAA2AD0C487001FA64D /* Image.swift */; };
		A8259FAD2AD0C71F001FA64D /* UrlWebsite.swift in Sources */ = {isa = PBXBuildFile; fileRef = A8259FAC2AD0C71F001FA64D /* UrlWebsite.swift */; };
		A8259FAF2AD0C9E8001FA64D /* ResourceList.swift in Sources */ = {isa = PBXBuildFile; fileRef = A8259FAE2AD0C9E8001FA64D /* ResourceList.swift */; };
		A8259FB12AD0CCBE001FA64D /* ComicItem.swift in Sources */ = {isa = PBXBuildFile; fileRef = A8259FB02AD0CCBE001FA64D /* ComicItem.swift */; };
		A8259FB32AD0CD10001FA64D /* SerieItem.swift in Sources */ = {isa = PBXBuildFile; fileRef = A8259FB22AD0CD10001FA64D /* SerieItem.swift */; };
		A8259FB52AD0CD77001FA64D /* EventItem.swift in Sources */ = {isa = PBXBuildFile; fileRef = A8259FB42AD0CD77001FA64D /* EventItem.swift */; };
		A8259FB72AD0CD9A001FA64D /* StoryItem.swift in Sources */ = {isa = PBXBuildFile; fileRef = A8259FB62AD0CD9A001FA64D /* StoryItem.swift */; };
		A8259FB92AD0D14C001FA64D /* APIResponse.swift in Sources */ = {isa = PBXBuildFile; fileRef = A8259FB82AD0D14C001FA64D /* APIResponse.swift */; };
		A8259FBB2AD0D311001FA64D /* DataResponse.swift in Sources */ = {isa = PBXBuildFile; fileRef = A8259FBA2AD0D311001FA64D /* DataResponse.swift */; };
		A8259FBE2AD0E0FB001FA64D /* Constants.swift in Sources */ = {isa = PBXBuildFile; fileRef = A8259FBD2AD0E0FB001FA64D /* Constants.swift */; };
		A8259FC32AD0E3BD001FA64D /* CharacterService.swift in Sources */ = {isa = PBXBuildFile; fileRef = A8259FC22AD0E3BD001FA64D /* CharacterService.swift */; };
		A8259FC62AD0F4CD001FA64D /* CharacterCell.swift in Sources */ = {isa = PBXBuildFile; fileRef = A8259FC52AD0F4CD001FA64D /* CharacterCell.swift */; };
		A8259FC92AD100C7001FA64D /* SDWebImage in Frameworks */ = {isa = PBXBuildFile; productRef = A8259FC82AD100C7001FA64D /* SDWebImage */; };
		A8259FCB2AD100C7001FA64D /* SDWebImageMapKit in Frameworks */ = {isa = PBXBuildFile; productRef = A8259FCA2AD100C7001FA64D /* SDWebImageMapKit */; };
		A88005AA2AC8A2BD008E773A /* AppDelegate.swift in Sources */ = {isa = PBXBuildFile; fileRef = A88005A92AC8A2BD008E773A /* AppDelegate.swift */; };
		A88005AC2AC8A2BD008E773A /* SceneDelegate.swift in Sources */ = {isa = PBXBuildFile; fileRef = A88005AB2AC8A2BD008E773A /* SceneDelegate.swift */; };
		A88005AE2AC8A2BD008E773A /* ViewController.swift in Sources */ = {isa = PBXBuildFile; fileRef = A88005AD2AC8A2BD008E773A /* ViewController.swift */; };
		A88005B12AC8A2BD008E773A /* Main.storyboard in Resources */ = {isa = PBXBuildFile; fileRef = A88005AF2AC8A2BD008E773A /* Main.storyboard */; };
		A88005B42AC8A2BD008E773A /* Marvel.xcdatamodeld in Sources */ = {isa = PBXBuildFile; fileRef = A88005B22AC8A2BD008E773A /* Marvel.xcdatamodeld */; };
		A88005B62AC8A2BF008E773A /* Assets.xcassets in Resources */ = {isa = PBXBuildFile; fileRef = A88005B52AC8A2BF008E773A /* Assets.xcassets */; };
		A88005B92AC8A2BF008E773A /* LaunchScreen.storyboard in Resources */ = {isa = PBXBuildFile; fileRef = A88005B72AC8A2BF008E773A /* LaunchScreen.storyboard */; };
		A88005C62AC8A678008E773A /* Keys.swift in Sources */ = {isa = PBXBuildFile; fileRef = A88005C52AC8A678008E773A /* Keys.swift */; };
		A88005C82AC8A911008E773A /* KeyLoader.swift in Sources */ = {isa = PBXBuildFile; fileRef = A88005C72AC8A911008E773A /* KeyLoader.swift */; };
		A88005CB2AC8B10E008E773A /* marvel.keys in Resources */ = {isa = PBXBuildFile; fileRef = A88005CA2AC8B10E008E773A /* marvel.keys */; };
		A88005CE2AC8B180008E773A /* StringExtension.swift in Sources */ = {isa = PBXBuildFile; fileRef = A88005CD2AC8B180008E773A /* StringExtension.swift */; };
		A88005D02AC8B1A3008E773A /* DoubleExtension.swift in Sources */ = {isa = PBXBuildFile; fileRef = A88005CF2AC8B1A3008E773A /* DoubleExtension.swift */; };
/* End PBXBuildFile section */

/* Begin PBXFileReference section */
		A8259FA82AD0C2DD001FA64D /* Character.swift */ = {isa = PBXFileReference; lastKnownFileType = sourcecode.swift; path = Character.swift; sourceTree = "<group>"; };
		A8259FAA2AD0C487001FA64D /* Image.swift */ = {isa = PBXFileReference; lastKnownFileType = sourcecode.swift; path = Image.swift; sourceTree = "<group>"; };
		A8259FAC2AD0C71F001FA64D /* UrlWebsite.swift */ = {isa = PBXFileReference; lastKnownFileType = sourcecode.swift; path = UrlWebsite.swift; sourceTree = "<group>"; };
		A8259FAE2AD0C9E8001FA64D /* ResourceList.swift */ = {isa = PBXFileReference; lastKnownFileType = sourcecode.swift; path = ResourceList.swift; sourceTree = "<group>"; };
		A8259FB02AD0CCBE001FA64D /* ComicItem.swift */ = {isa = PBXFileReference; lastKnownFileType = sourcecode.swift; path = ComicItem.swift; sourceTree = "<group>"; };
		A8259FB22AD0CD10001FA64D /* SerieItem.swift */ = {isa = PBXFileReference; lastKnownFileType = sourcecode.swift; path = SerieItem.swift; sourceTree = "<group>"; };
		A8259FB42AD0CD77001FA64D /* EventItem.swift */ = {isa = PBXFileReference; lastKnownFileType = sourcecode.swift; path = EventItem.swift; sourceTree = "<group>"; };
		A8259FB62AD0CD9A001FA64D /* StoryItem.swift */ = {isa = PBXFileReference; lastKnownFileType = sourcecode.swift; path = StoryItem.swift; sourceTree = "<group>"; };
		A8259FB82AD0D14C001FA64D /* APIResponse.swift */ = {isa = PBXFileReference; lastKnownFileType = sourcecode.swift; path = APIResponse.swift; sourceTree = "<group>"; };
		A8259FBA2AD0D311001FA64D /* DataResponse.swift */ = {isa = PBXFileReference; lastKnownFileType = sourcecode.swift; path = DataResponse.swift; sourceTree = "<group>"; };
		A8259FBD2AD0E0FB001FA64D /* Constants.swift */ = {isa = PBXFileReference; lastKnownFileType = sourcecode.swift; path = Constants.swift; sourceTree = "<group>"; };
		A8259FC22AD0E3BD001FA64D /* CharacterService.swift */ = {isa = PBXFileReference; lastKnownFileType = sourcecode.swift; path = CharacterService.swift; sourceTree = "<group>"; };
		A8259FC52AD0F4CD001FA64D /* CharacterCell.swift */ = {isa = PBXFileReference; lastKnownFileType = sourcecode.swift; path = CharacterCell.swift; sourceTree = "<group>"; };
		A88005A62AC8A2BD008E773A /* Marvel.app */ = {isa = PBXFileReference; explicitFileType = wrapper.application; includeInIndex = 0; path = Marvel.app; sourceTree = BUILT_PRODUCTS_DIR; };
		A88005A92AC8A2BD008E773A /* AppDelegate.swift */ = {isa = PBXFileReference; lastKnownFileType = sourcecode.swift; path = AppDelegate.swift; sourceTree = "<group>"; };
		A88005AB2AC8A2BD008E773A /* SceneDelegate.swift */ = {isa = PBXFileReference; lastKnownFileType = sourcecode.swift; path = SceneDelegate.swift; sourceTree = "<group>"; };
		A88005AD2AC8A2BD008E773A /* ViewController.swift */ = {isa = PBXFileReference; lastKnownFileType = sourcecode.swift; path = ViewController.swift; sourceTree = "<group>"; };
		A88005B02AC8A2BD008E773A /* Base */ = {isa = PBXFileReference; lastKnownFileType = file.storyboard; name = Base; path = Base.lproj/Main.storyboard; sourceTree = "<group>"; };
		A88005B32AC8A2BD008E773A /* Marvel.xcdatamodel */ = {isa = PBXFileReference; lastKnownFileType = wrapper.xcdatamodel; path = Marvel.xcdatamodel; sourceTree = "<group>"; };
		A88005B52AC8A2BF008E773A /* Assets.xcassets */ = {isa = PBXFileReference; lastKnownFileType = folder.assetcatalog; path = Assets.xcassets; sourceTree = "<group>"; };
		A88005B82AC8A2BF008E773A /* Base */ = {isa = PBXFileReference; lastKnownFileType = file.storyboard; name = Base; path = Base.lproj/LaunchScreen.storyboard; sourceTree = "<group>"; };
		A88005BA2AC8A2BF008E773A /* Info.plist */ = {isa = PBXFileReference; lastKnownFileType = text.plist.xml; path = Info.plist; sourceTree = "<group>"; };
		A88005C52AC8A678008E773A /* Keys.swift */ = {isa = PBXFileReference; lastKnownFileType = sourcecode.swift; path = Keys.swift; sourceTree = "<group>"; };
		A88005C72AC8A911008E773A /* KeyLoader.swift */ = {isa = PBXFileReference; lastKnownFileType = sourcecode.swift; path = KeyLoader.swift; sourceTree = "<group>"; };
		A88005CA2AC8B10E008E773A /* marvel.keys */ = {isa = PBXFileReference; fileEncoding = 4; lastKnownFileType = text; path = marvel.keys; sourceTree = "<group>"; };
		A88005CD2AC8B180008E773A /* StringExtension.swift */ = {isa = PBXFileReference; lastKnownFileType = sourcecode.swift; path = StringExtension.swift; sourceTree = "<group>"; };
		A88005CF2AC8B1A3008E773A /* DoubleExtension.swift */ = {isa = PBXFileReference; lastKnownFileType = sourcecode.swift; path = DoubleExtension.swift; sourceTree = "<group>"; };
/* End PBXFileReference section */

/* Begin PBXFrameworksBuildPhase section */
		A88005A32AC8A2BD008E773A /* Frameworks */ = {
			isa = PBXFrameworksBuildPhase;
			buildActionMask = 2147483647;
			files = (
				A8259FCB2AD100C7001FA64D /* SDWebImageMapKit in Frameworks */,
				A8259FC92AD100C7001FA64D /* SDWebImage in Frameworks */,
			);
			runOnlyForDeploymentPostprocessing = 0;
		};
/* End PBXFrameworksBuildPhase section */

/* Begin PBXGroup section */
		A8259FBC2AD0E0D6001FA64D /* Constants */ = {
			isa = PBXGroup;
			children = (
				A8259FBD2AD0E0FB001FA64D /* Constants.swift */,
			);
			path = Constants;
			sourceTree = "<group>";
		};
		A8259FC12AD0E39A001FA64D /* Service */ = {
			isa = PBXGroup;
			children = (
				A8259FC22AD0E3BD001FA64D /* CharacterService.swift */,
			);
			path = Service;
			sourceTree = "<group>";
		};
		A8259FC42AD0F49B001FA64D /* View */ = {
			isa = PBXGroup;
			children = (
				A8259FC52AD0F4CD001FA64D /* CharacterCell.swift */,
			);
			path = View;
			sourceTree = "<group>";
		};
		A880059D2AC8A2BD008E773A = {
			isa = PBXGroup;
			children = (
				A88005A82AC8A2BD008E773A /* Marvel */,
				A88005A72AC8A2BD008E773A /* Products */,
			);
			sourceTree = "<group>";
		};
		A88005A72AC8A2BD008E773A /* Products */ = {
			isa = PBXGroup;
			children = (
				A88005A62AC8A2BD008E773A /* Marvel.app */,
			);
			name = Products;
			sourceTree = "<group>";
		};
		A88005A82AC8A2BD008E773A /* Marvel */ = {
			isa = PBXGroup;
			children = (
				A8259FC42AD0F49B001FA64D /* View */,
				A8259FC12AD0E39A001FA64D /* Service */,
				A8259FBC2AD0E0D6001FA64D /* Constants */,
				A88005CC2AC8B16B008E773A /* Extension */,
				A88005C42AC8A64C008E773A /* Model */,
				A88005A92AC8A2BD008E773A /* AppDelegate.swift */,
				A88005AB2AC8A2BD008E773A /* SceneDelegate.swift */,
				A88005AD2AC8A2BD008E773A /* ViewController.swift */,
				A88005AF2AC8A2BD008E773A /* Main.storyboard */,
				A88005B52AC8A2BF008E773A /* Assets.xcassets */,
				A88005B72AC8A2BF008E773A /* LaunchScreen.storyboard */,
				A88005BA2AC8A2BF008E773A /* Info.plist */,
				A88005B22AC8A2BD008E773A /* Marvel.xcdatamodeld */,
				A88005CA2AC8B10E008E773A /* marvel.keys */,
			);
			path = Marvel;
			sourceTree = "<group>";
		};
		A88005C42AC8A64C008E773A /* Model */ = {
			isa = PBXGroup;
			children = (
				A88005C52AC8A678008E773A /* Keys.swift */,
				A88005C72AC8A911008E773A /* KeyLoader.swift */,
				A8259FA82AD0C2DD001FA64D /* Character.swift */,
				A8259FAA2AD0C487001FA64D /* Image.swift */,
				A8259FAC2AD0C71F001FA64D /* UrlWebsite.swift */,
				A8259FAE2AD0C9E8001FA64D /* ResourceList.swift */,
				A8259FB02AD0CCBE001FA64D /* ComicItem.swift */,
				A8259FB22AD0CD10001FA64D /* SerieItem.swift */,
				A8259FB42AD0CD77001FA64D /* EventItem.swift */,
				A8259FB62AD0CD9A001FA64D /* StoryItem.swift */,
				A8259FB82AD0D14C001FA64D /* APIResponse.swift */,
				A8259FBA2AD0D311001FA64D /* DataResponse.swift */,
			);
			path = Model;
			sourceTree = "<group>";
		};
		A88005CC2AC8B16B008E773A /* Extension */ = {
			isa = PBXGroup;
			children = (
				A88005CD2AC8B180008E773A /* StringExtension.swift */,
				A88005CF2AC8B1A3008E773A /* DoubleExtension.swift */,
			);
			path = Extension;
			sourceTree = "<group>";
		};
/* End PBXGroup section */

/* Begin PBXNativeTarget section */
		A88005A52AC8A2BD008E773A /* Marvel */ = {
			isa = PBXNativeTarget;
			buildConfigurationList = A88005BD2AC8A2BF008E773A /* Build configuration list for PBXNativeTarget "Marvel" */;
			buildPhases = (
				A88005A22AC8A2BD008E773A /* Sources */,
				A88005A32AC8A2BD008E773A /* Frameworks */,
				A88005A42AC8A2BD008E773A /* Resources */,
			);
			buildRules = (
			);
			dependencies = (
			);
			name = Marvel;
			packageProductDependencies = (
				A8259FC82AD100C7001FA64D /* SDWebImage */,
				A8259FCA2AD100C7001FA64D /* SDWebImageMapKit */,
			);
			productName = Marvel;
			productReference = A88005A62AC8A2BD008E773A /* Marvel.app */;
			productType = "com.apple.product-type.application";
		};
/* End PBXNativeTarget section */

/* Begin PBXProject section */
		A880059E2AC8A2BD008E773A /* Project object */ = {
			isa = PBXProject;
			attributes = {
				BuildIndependentTargetsInParallel = 1;
				LastSwiftUpdateCheck = 1500;
				LastUpgradeCheck = 1500;
				TargetAttributes = {
					A88005A52AC8A2BD008E773A = {
						CreatedOnToolsVersion = 15.0;
					};
				};
			};
			buildConfigurationList = A88005A12AC8A2BD008E773A /* Build configuration list for PBXProject "Marvel" */;
			compatibilityVersion = "Xcode 14.0";
			developmentRegion = en;
			hasScannedForEncodings = 0;
			knownRegions = (
				en,
				Base,
			);
			mainGroup = A880059D2AC8A2BD008E773A;
			packageReferences = (
				A8259FC72AD100C7001FA64D /* XCRemoteSwiftPackageReference "SDWebImage" */,
			);
			productRefGroup = A88005A72AC8A2BD008E773A /* Products */;
			projectDirPath = "";
			projectRoot = "";
			targets = (
				A88005A52AC8A2BD008E773A /* Marvel */,
			);
		};
/* End PBXProject section */

/* Begin PBXResourcesBuildPhase section */
		A88005A42AC8A2BD008E773A /* Resources */ = {
			isa = PBXResourcesBuildPhase;
			buildActionMask = 2147483647;
			files = (
				A88005CB2AC8B10E008E773A /* marvel.keys in Resources */,
				A88005B92AC8A2BF008E773A /* LaunchScreen.storyboard in Resources */,
				A88005B62AC8A2BF008E773A /* Assets.xcassets in Resources */,
				A88005B12AC8A2BD008E773A /* Main.storyboard in Resources */,
			);
			runOnlyForDeploymentPostprocessing = 0;
		};
/* End PBXResourcesBuildPhase section */

/* Begin PBXSourcesBuildPhase section */
		A88005A22AC8A2BD008E773A /* Sources */ = {
			isa = PBXSourcesBuildPhase;
			buildActionMask = 2147483647;
			files = (
				A8259FA92AD0C2DD001FA64D /* Character.swift in Sources */,
				A8259FBE2AD0E0FB001FA64D /* Constants.swift in Sources */,
				A8259FAF2AD0C9E8001FA64D /* ResourceList.swift in Sources */,
				A8259FC62AD0F4CD001FA64D /* CharacterCell.swift in Sources */,
				A8259FB52AD0CD77001FA64D /* EventItem.swift in Sources */,
				A88005D02AC8B1A3008E773A /* DoubleExtension.swift in Sources */,
				A8259FBB2AD0D311001FA64D /* DataResponse.swift in Sources */,
				A88005C82AC8A911008E773A /* KeyLoader.swift in Sources */,
				A8259FB92AD0D14C001FA64D /* APIResponse.swift in Sources */,
				A88005CE2AC8B180008E773A /* StringExtension.swift in Sources */,
				A88005AE2AC8A2BD008E773A /* ViewController.swift in Sources */,
				A88005AA2AC8A2BD008E773A /* AppDelegate.swift in Sources */,
				A8259FAD2AD0C71F001FA64D /* UrlWebsite.swift in Sources */,
				A88005B42AC8A2BD008E773A /* Marvel.xcdatamodeld in Sources */,
				A8259FB72AD0CD9A001FA64D /* StoryItem.swift in Sources */,
				A88005AC2AC8A2BD008E773A /* SceneDelegate.swift in Sources */,
				A8259FC32AD0E3BD001FA64D /* CharacterService.swift in Sources */,
				A8259FB12AD0CCBE001FA64D /* ComicItem.swift in Sources */,
				A88005C62AC8A678008E773A /* Keys.swift in Sources */,
				A8259FAB2AD0C487001FA64D /* Image.swift in Sources */,
				A8259FB32AD0CD10001FA64D /* SerieItem.swift in Sources */,
			);
			runOnlyForDeploymentPostprocessing = 0;
		};
/* End PBXSourcesBuildPhase section */

/* Begin PBXVariantGroup section */
		A88005AF2AC8A2BD008E773A /* Main.storyboard */ = {
			isa = PBXVariantGroup;
			children = (
				A88005B02AC8A2BD008E773A /* Base */,
			);
			name = Main.storyboard;
			sourceTree = "<group>";
		};
		A88005B72AC8A2BF008E773A /* LaunchScreen.storyboard */ = {
			isa = PBXVariantGroup;
			children = (
				A88005B82AC8A2BF008E773A /* Base */,
			);
			name = LaunchScreen.storyboard;
			sourceTree = "<group>";
		};
/* End PBXVariantGroup section */

/* Begin XCBuildConfiguration section */
		A88005BB2AC8A2BF008E773A /* Debug */ = {
			isa = XCBuildConfiguration;
			buildSettings = {
				ALWAYS_SEARCH_USER_PATHS = NO;
				ASSETCATALOG_COMPILER_GENERATE_SWIFT_ASSET_SYMBOL_EXTENSIONS = YES;
				CLANG_ANALYZER_NONNULL = YES;
				CLANG_ANALYZER_NUMBER_OBJECT_CONVERSION = YES_AGGRESSIVE;
				CLANG_CXX_LANGUAGE_STANDARD = "gnu++20";
				CLANG_ENABLE_MODULES = YES;
				CLANG_ENABLE_OBJC_ARC = YES;
				CLANG_ENABLE_OBJC_WEAK = YES;
				CLANG_WARN_BLOCK_CAPTURE_AUTORELEASING = YES;
				CLANG_WARN_BOOL_CONVERSION = YES;
				CLANG_WARN_COMMA = YES;
				CLANG_WARN_CONSTANT_CONVERSION = YES;
				CLANG_WARN_DEPRECATED_OBJC_IMPLEMENTATIONS = YES;
				CLANG_WARN_DIRECT_OBJC_ISA_USAGE = YES_ERROR;
				CLANG_WARN_DOCUMENTATION_COMMENTS = YES;
				CLANG_WARN_EMPTY_BODY = YES;
				CLANG_WARN_ENUM_CONVERSION = YES;
				CLANG_WARN_INFINITE_RECURSION = YES;
				CLANG_WARN_INT_CONVERSION = YES;
				CLANG_WARN_NON_LITERAL_NULL_CONVERSION = YES;
				CLANG_WARN_OBJC_IMPLICIT_RETAIN_SELF = YES;
				CLANG_WARN_OBJC_LITERAL_CONVERSION = YES;
				CLANG_WARN_OBJC_ROOT_CLASS = YES_ERROR;
				CLANG_WARN_QUOTED_INCLUDE_IN_FRAMEWORK_HEADER = YES;
				CLANG_WARN_RANGE_LOOP_ANALYSIS = YES;
				CLANG_WARN_STRICT_PROTOTYPES = YES;
				CLANG_WARN_SUSPICIOUS_MOVE = YES;
				CLANG_WARN_UNGUARDED_AVAILABILITY = YES_AGGRESSIVE;
				CLANG_WARN_UNREACHABLE_CODE = YES;
				CLANG_WARN__DUPLICATE_METHOD_MATCH = YES;
				COPY_PHASE_STRIP = NO;
				DEBUG_INFORMATION_FORMAT = dwarf;
				ENABLE_STRICT_OBJC_MSGSEND = YES;
				ENABLE_TESTABILITY = YES;
				ENABLE_USER_SCRIPT_SANDBOXING = YES;
				GCC_C_LANGUAGE_STANDARD = gnu17;
				GCC_DYNAMIC_NO_PIC = NO;
				GCC_NO_COMMON_BLOCKS = YES;
				GCC_OPTIMIZATION_LEVEL = 0;
				GCC_PREPROCESSOR_DEFINITIONS = (
					"DEBUG=1",
					"$(inherited)",
				);
				GCC_WARN_64_TO_32_BIT_CONVERSION = YES;
				GCC_WARN_ABOUT_RETURN_TYPE = YES_ERROR;
				GCC_WARN_UNDECLARED_SELECTOR = YES;
				GCC_WARN_UNINITIALIZED_AUTOS = YES_AGGRESSIVE;
				GCC_WARN_UNUSED_FUNCTION = YES;
				GCC_WARN_UNUSED_VARIABLE = YES;
				IPHONEOS_DEPLOYMENT_TARGET = 17.0;
				LOCALIZATION_PREFERS_STRING_CATALOGS = YES;
				MTL_ENABLE_DEBUG_INFO = INCLUDE_SOURCE;
				MTL_FAST_MATH = YES;
				ONLY_ACTIVE_ARCH = YES;
				SDKROOT = iphoneos;
				SWIFT_ACTIVE_COMPILATION_CONDITIONS = "DEBUG $(inherited)";
				SWIFT_OPTIMIZATION_LEVEL = "-Onone";
			};
			name = Debug;
		};
		A88005BC2AC8A2BF008E773A /* Release */ = {
			isa = XCBuildConfiguration;
			buildSettings = {
				ALWAYS_SEARCH_USER_PATHS = NO;
				ASSETCATALOG_COMPILER_GENERATE_SWIFT_ASSET_SYMBOL_EXTENSIONS = YES;
				CLANG_ANALYZER_NONNULL = YES;
				CLANG_ANALYZER_NUMBER_OBJECT_CONVERSION = YES_AGGRESSIVE;
				CLANG_CXX_LANGUAGE_STANDARD = "gnu++20";
				CLANG_ENABLE_MODULES = YES;
				CLANG_ENABLE_OBJC_ARC = YES;
				CLANG_ENABLE_OBJC_WEAK = YES;
				CLANG_WARN_BLOCK_CAPTURE_AUTORELEASING = YES;
				CLANG_WARN_BOOL_CONVERSION = YES;
				CLANG_WARN_COMMA = YES;
				CLANG_WARN_CONSTANT_CONVERSION = YES;
				CLANG_WARN_DEPRECATED_OBJC_IMPLEMENTATIONS = YES;
				CLANG_WARN_DIRECT_OBJC_ISA_USAGE = YES_ERROR;
				CLANG_WARN_DOCUMENTATION_COMMENTS = YES;
				CLANG_WARN_EMPTY_BODY = YES;
				CLANG_WARN_ENUM_CONVERSION = YES;
				CLANG_WARN_INFINITE_RECURSION = YES;
				CLANG_WARN_INT_CONVERSION = YES;
				CLANG_WARN_NON_LITERAL_NULL_CONVERSION = YES;
				CLANG_WARN_OBJC_IMPLICIT_RETAIN_SELF = YES;
				CLANG_WARN_OBJC_LITERAL_CONVERSION = YES;
				CLANG_WARN_OBJC_ROOT_CLASS = YES_ERROR;
				CLANG_WARN_QUOTED_INCLUDE_IN_FRAMEWORK_HEADER = YES;
				CLANG_WARN_RANGE_LOOP_ANALYSIS = YES;
				CLANG_WARN_STRICT_PROTOTYPES = YES;
				CLANG_WARN_SUSPICIOUS_MOVE = YES;
				CLANG_WARN_UNGUARDED_AVAILABILITY = YES_AGGRESSIVE;
				CLANG_WARN_UNREACHABLE_CODE = YES;
				CLANG_WARN__DUPLICATE_METHOD_MATCH = YES;
				COPY_PHASE_STRIP = NO;
				DEBUG_INFORMATION_FORMAT = "dwarf-with-dsym";
				ENABLE_NS_ASSERTIONS = NO;
				ENABLE_STRICT_OBJC_MSGSEND = YES;
				ENABLE_USER_SCRIPT_SANDBOXING = YES;
				GCC_C_LANGUAGE_STANDARD = gnu17;
				GCC_NO_COMMON_BLOCKS = YES;
				GCC_WARN_64_TO_32_BIT_CONVERSION = YES;
				GCC_WARN_ABOUT_RETURN_TYPE = YES_ERROR;
				GCC_WARN_UNDECLARED_SELECTOR = YES;
				GCC_WARN_UNINITIALIZED_AUTOS = YES_AGGRESSIVE;
				GCC_WARN_UNUSED_FUNCTION = YES;
				GCC_WARN_UNUSED_VARIABLE = YES;
				IPHONEOS_DEPLOYMENT_TARGET = 17.0;
				LOCALIZATION_PREFERS_STRING_CATALOGS = YES;
				MTL_ENABLE_DEBUG_INFO = NO;
				MTL_FAST_MATH = YES;
				SDKROOT = iphoneos;
				SWIFT_COMPILATION_MODE = wholemodule;
				VALIDATE_PRODUCT = YES;
			};
			name = Release;
		};
		A88005BE2AC8A2BF008E773A /* Debug */ = {
			isa = XCBuildConfiguration;
			buildSettings = {
				ASSETCATALOG_COMPILER_APPICON_NAME = AppIcon;
				ASSETCATALOG_COMPILER_GLOBAL_ACCENT_COLOR_NAME = AccentColor;
				CODE_SIGN_STYLE = Automatic;
				CURRENT_PROJECT_VERSION = 1;
				DEVELOPMENT_TEAM = GUSZ9X2GPQ;
				GENERATE_INFOPLIST_FILE = YES;
				INFOPLIST_FILE = Marvel/Info.plist;
				INFOPLIST_KEY_UIApplicationSupportsIndirectInputEvents = YES;
				INFOPLIST_KEY_UILaunchStoryboardName = LaunchScreen;
				INFOPLIST_KEY_UIMainStoryboardFile = Main;
				INFOPLIST_KEY_UISupportedInterfaceOrientations_iPad = "UIInterfaceOrientationPortrait UIInterfaceOrientationPortraitUpsideDown UIInterfaceOrientationLandscapeLeft UIInterfaceOrientationLandscapeRight";
				INFOPLIST_KEY_UISupportedInterfaceOrientations_iPhone = "UIInterfaceOrientationPortrait UIInterfaceOrientationLandscapeLeft UIInterfaceOrientationLandscapeRight";
				LD_RUNPATH_SEARCH_PATHS = (
					"$(inherited)",
					"@executable_path/Frameworks",
				);
				MARKETING_VERSION = 1.0;
				PRODUCT_BUNDLE_IDENTIFIER = com.jacgr.Marvel;
				PRODUCT_NAME = "$(TARGET_NAME)";
				SUPPORTED_PLATFORMS = "iphoneos iphonesimulator";
				SUPPORTS_MACCATALYST = NO;
				SUPPORTS_MAC_DESIGNED_FOR_IPHONE_IPAD = NO;
				SWIFT_EMIT_LOC_STRINGS = YES;
				SWIFT_VERSION = 5.0;
				TARGETED_DEVICE_FAMILY = "1,2";
			};
			name = Debug;
		};
		A88005BF2AC8A2BF008E773A /* Release */ = {
			isa = XCBuildConfiguration;
			buildSettings = {
				ASSETCATALOG_COMPILER_APPICON_NAME = AppIcon;
				ASSETCATALOG_COMPILER_GLOBAL_ACCENT_COLOR_NAME = AccentColor;
				CODE_SIGN_STYLE = Automatic;
				CURRENT_PROJECT_VERSION = 1;
				DEVELOPMENT_TEAM = GUSZ9X2GPQ;
				GENERATE_INFOPLIST_FILE = YES;
				INFOPLIST_FILE = Marvel/Info.plist;
				INFOPLIST_KEY_UIApplicationSupportsIndirectInputEvents = YES;
				INFOPLIST_KEY_UILaunchStoryboardName = LaunchScreen;
				INFOPLIST_KEY_UIMainStoryboardFile = Main;
				INFOPLIST_KEY_UISupportedInterfaceOrientations_iPad = "UIInterfaceOrientationPortrait UIInterfaceOrientationPortraitUpsideDown UIInterfaceOrientationLandscapeLeft UIInterfaceOrientationLandscapeRight";
				INFOPLIST_KEY_UISupportedInterfaceOrientations_iPhone = "UIInterfaceOrientationPortrait UIInterfaceOrientationLandscapeLeft UIInterfaceOrientationLandscapeRight";
				LD_RUNPATH_SEARCH_PATHS = (
					"$(inherited)",
					"@executable_path/Frameworks",
				);
				MARKETING_VERSION = 1.0;
				PRODUCT_BUNDLE_IDENTIFIER = com.jacgr.Marvel;
				PRODUCT_NAME = "$(TARGET_NAME)";
				SUPPORTED_PLATFORMS = "iphoneos iphonesimulator";
				SUPPORTS_MACCATALYST = NO;
				SUPPORTS_MAC_DESIGNED_FOR_IPHONE_IPAD = NO;
				SWIFT_EMIT_LOC_STRINGS = YES;
				SWIFT_VERSION = 5.0;
				TARGETED_DEVICE_FAMILY = "1,2";
			};
			name = Release;
		};
/* End XCBuildConfiguration section */

/* Begin XCConfigurationList section */
		A88005A12AC8A2BD008E773A /* Build configuration list for PBXProject "Marvel" */ = {
			isa = XCConfigurationList;
			buildConfigurations = (
				A88005BB2AC8A2BF008E773A /* Debug */,
				A88005BC2AC8A2BF008E773A /* Release */,
			);
			defaultConfigurationIsVisible = 0;
			defaultConfigurationName = Release;
		};
		A88005BD2AC8A2BF008E773A /* Build configuration list for PBXNativeTarget "Marvel" */ = {
			isa = XCConfigurationList;
			buildConfigurations = (
				A88005BE2AC8A2BF008E773A /* Debug */,
				A88005BF2AC8A2BF008E773A /* Release */,
			);
			defaultConfigurationIsVisible = 0;
			defaultConfigurationName = Release;
		};
/* End XCConfigurationList section */

/* Begin XCRemoteSwiftPackageReference section */
		A8259FC72AD100C7001FA64D /* XCRemoteSwiftPackageReference "SDWebImage" */ = {
			isa = XCRemoteSwiftPackageReference;
			repositoryURL = "https://github.com/SDWebImage/SDWebImage.git";
			requirement = {
				kind = exactVersion;
				version = 5.9.5;
			};
		};
/* End XCRemoteSwiftPackageReference section */

/* Begin XCSwiftPackageProductDependency section */
		A8259FC82AD100C7001FA64D /* SDWebImage */ = {
			isa = XCSwiftPackageProductDependency;
			package = A8259FC72AD100C7001FA64D /* XCRemoteSwiftPackageReference "SDWebImage" */;
			productName = SDWebImage;
		};
		A8259FCA2AD100C7001FA64D /* SDWebImageMapKit */ = {
			isa = XCSwiftPackageProductDependency;
			package = A8259FC72AD100C7001FA64D /* XCRemoteSwiftPackageReference "SDWebImage" */;
			productName = SDWebImageMapKit;
		};
/* End XCSwiftPackageProductDependency section */

/* Begin XCVersionGroup section */
		A88005B22AC8A2BD008E773A /* Marvel.xcdatamodeld */ = {
			isa = XCVersionGroup;
			children = (
				A88005B32AC8A2BD008E773A /* Marvel.xcdatamodel */,
			);
			currentVersion = A88005B32AC8A2BD008E773A /* Marvel.xcdatamodel */;
			path = Marvel.xcdatamodeld;
			sourceTree = "<group>";
			versionGroupType = wrapper.xcdatamodel;
		};
/* End XCVersionGroup section */
	};
	rootObject = A880059E2AC8A2BD008E773A /* Project object */;
}
